
Microsoft Visual Studio Solution File, Format Version 12.00
# Visual Studio Version 16
VisualStudioVersion = 16.0.30717.126
MinimumVisualStudioVersion = 10.0.40219.1
Project("{9A19103F-16F7-4668-BE54-9A1E7A4F7556}") = "AspNetCoreTodo", "AspNetCoreTodo\AspNetCoreTodo.csproj", "{4F17063D-B03A-44E6-B57C-C9812791A8F3}"
EndProject
Project("{9A19103F-16F7-4668-BE54-9A1E7A4F7556}") = "AspNetCoreTodo.UnitTests", "AspNetCoreTodo.UnitTests\AspNetCoreTodo.UnitTests.csproj", "{27F8208F-0800-4F6B-9281-31C6C9EB6201}"
EndProject
Global
	GlobalSection(SolutionConfigurationPlatforms) = preSolution
		Debug|Any CPU = Debug|Any CPU
		Release|Any CPU = Release|Any CPU
	EndGlobalSection
	GlobalSection(ProjectConfigurationPlatforms) = postSolution
		{4F17063D-B03A-44E6-B57C-C9812791A8F3}.Debug|Any CPU.ActiveCfg = Debug|Any CPU
		{4F17063D-B03A-44E6-B57C-C9812791A8F3}.Debug|Any CPU.Build.0 = Debug|Any CPU
		{4F17063D-B03A-44E6-B57C-C9812791A8F3}.Release|Any CPU.ActiveCfg = Release|Any CPU
		{4F17063D-B03A-44E6-B57C-C9812791A8F3}.Release|Any CPU.Build.0 = Release|Any CPU
		{27F8208F-0800-4F6B-9281-31C6C9EB6201}.Debug|Any CPU.ActiveCfg = Debug|Any CPU
		{27F8208F-0800-4F6B-9281-31C6C9EB6201}.Debug|Any CPU.Build.0 = Debug|Any CPU
		{27F8208F-0800-4F6B-9281-31C6C9EB6201}.Release|Any CPU.ActiveCfg = Release|Any CPU
		{27F8208F-0800-4F6B-9281-31C6C9EB6201}.Release|Any CPU.Build.0 = Release|Any CPU
	EndGlobalSection
	GlobalSection(SolutionProperties) = preSolution
		HideSolutionNode = FALSE
	EndGlobalSection
	GlobalSection(ExtensibilityGlobals) = postSolution
		SolutionGuid = {CFB3F92B-EB25-4D3F-A424-84E27B6B4053}
	EndGlobalSection
EndGlobal
